
Microsoft Visual Studio Solution File, Format Version 11.00
# Visual Studio 2010
Project("{8BC9CEB8-8B4A-11D0-8D11-00A0C91BC942}") = "Lab3", "Lab3\Lab3.vcxproj", "{C12D4122-9DAA-4994-995E-D0771CBFF022}"
EndProject
Global
	GlobalSection(SolutionConfigurationPlatforms) = preSolution
		Debug|Win32 = Debug|Win32
		Release|Win32 = Release|Win32
	EndGlobalSection
	GlobalSection(ProjectConfigurationPlatforms) = postSolution
		{C12D4122-9DAA-4994-995E-D0771CBFF022}.Debug|Win32.ActiveCfg = Debug|Win32
		{C12D4122-9DAA-4994-995E-D0771CBFF022}.Debug|Win32.Build.0 = Debug|Win32
		{C12D4122-9DAA-4994-995E-D0771CBFF022}.Release|Win32.ActiveCfg = Release|Win32
		{C12D4122-9DAA-4994-995E-D0771CBFF022}.Release|Win32.Build.0 = Release|Win32
	EndGlobalSection
	GlobalSection(SolutionProperties) = preSolution
		HideSolutionNode = FALSE
	EndGlobalSection
EndGlobal
